
Microsoft Visual Studio Solution File, Format Version 11.00
# Visual Studio 2010
Project("{F184B08F-C81C-45F6-A57F-5ABD9991F28F}") = "WindowsApplication1", "WindowsApplication1.vbproj", "{EEF271AB-45C2-4F2F-9E0A-7356C8E2DBEF}"
EndProject
Global
	GlobalSection(SolutionConfigurationPlatforms) = preSolution
		Debug|x86 = Debug|x86
		Release|x86 = Release|x86
	EndGlobalSection
	GlobalSection(ProjectConfigurationPlatforms) = postSolution
		{EEF271AB-45C2-4F2F-9E0A-7356C8E2DBEF}.Debug|x86.ActiveCfg = Debug|x86
		{EEF271AB-45C2-4F2F-9E0A-7356C8E2DBEF}.Debug|x86.Build.0 = Debug|x86
		{EEF271AB-45C2-4F2F-9E0A-7356C8E2DBEF}.Release|x86.ActiveCfg = Release|x86
		{EEF271AB-45C2-4F2F-9E0A-7356C8E2DBEF}.Release|x86.Build.0 = Release|x86
	EndGlobalSection
	GlobalSection(SolutionProperties) = preSolution
		HideSolutionNode = FALSE
	EndGlobalSection
EndGlobal
